# THIS IS AN AUTOGENERATED FILE. DO NOT EDIT THIS FILE DIRECTLY.
# yarn lockfile v1


ask-sdk-core@^2.14.0:
  version "2.14.0"
  resolved "https://registry.yarnpkg.com/ask-sdk-core/-/ask-sdk-core-2.14.0.tgz#85fce330b513fdb6c3827f47f0795288f2ca96d6"
  integrity sha512-G2yEKbY+XYTFzJXGRpsg7xJHqqgBcgnKEgklXUMRWRFv10gwHgtWDLLlBV6h4IdysTx782rCVJK/UcHcaGbEpA==
  dependencies:
    ask-sdk-runtime "^2.14.0"

ask-sdk-runtime@^2.14.0:
  version "2.14.0"
  resolved "https://registry.yarnpkg.com/ask-sdk-runtime/-/ask-sdk-runtime-2.14.0.tgz#ac28baf04802c1b0f4961cdb0d805d136f97fa01"
  integrity sha512-a96pPs1RU3GgXBHplqAVqh2uxEuSYjTD5+XSbHsf6Fz4KhHpgaxJogOIIybjA6O/d1B9sG+6bjHJGzxBJEcccA==
